
Microsoft Visual Studio Solution File, Format Version 12.00
# Visual Studio 2012
Project("{FAE04EC0-301F-11D3-BF4B-00C04F79EFBC}") = "AdoreStoreApp", "AdoreStoreApp\AdoreStoreApp.csproj", "{4B2A33E7-9944-4568-B51F-F5A7864E905F}"
EndProject
Global
	GlobalSection(SolutionConfigurationPlatforms) = preSolution
		Debug|Any CPU = Debug|Any CPU
		Release|Any CPU = Release|Any CPU
	EndGlobalSection
	GlobalSection(ProjectConfigurationPlatforms) = postSolution
		{4B2A33E7-9944-4568-B51F-F5A7864E905F}.Debug|Any CPU.ActiveCfg = Debug|Any CPU
		{4B2A33E7-9944-4568-B51F-F5A7864E905F}.Debug|Any CPU.Build.0 = Debug|Any CPU
		{4B2A33E7-9944-4568-B51F-F5A7864E905F}.Release|Any CPU.ActiveCfg = Release|Any CPU
		{4B2A33E7-9944-4568-B51F-F5A7864E905F}.Release|Any CPU.Build.0 = Release|Any CPU
	EndGlobalSection
	GlobalSection(SolutionProperties) = preSolution
		HideSolutionNode = FALSE
	EndGlobalSection
EndGlobal
